
Microsoft Visual Studio Solution File, Format Version 12.00
# Visual Studio Version 16
VisualStudioVersion = 16.0.34729.46
MinimumVisualStudioVersion = 10.0.40219.1
Project("{FAE04EC0-301F-11D3-BF4B-00C04F79EFBC}") = "lab 18", "lab 18\lab 18.csproj", "{C012BFA3-BAE0-4ED3-8731-640FCE58116A}"
EndProject
Global
	GlobalSection(SolutionConfigurationPlatforms) = preSolution
		Debug|Any CPU = Debug|Any CPU
		Release|Any CPU = Release|Any CPU
	EndGlobalSection
	GlobalSection(ProjectConfigurationPlatforms) = postSolution
		{C012BFA3-BAE0-4ED3-8731-640FCE58116A}.Debug|Any CPU.ActiveCfg = Debug|Any CPU
		{C012BFA3-BAE0-4ED3-8731-640FCE58116A}.Debug|Any CPU.Build.0 = Debug|Any CPU
		{C012BFA3-BAE0-4ED3-8731-640FCE58116A}.Release|Any CPU.ActiveCfg = Release|Any CPU
		{C012BFA3-BAE0-4ED3-8731-640FCE58116A}.Release|Any CPU.Build.0 = Release|Any CPU
	EndGlobalSection
	GlobalSection(SolutionProperties) = preSolution
		HideSolutionNode = FALSE
	EndGlobalSection
	GlobalSection(ExtensibilityGlobals) = postSolution
		SolutionGuid = {6FE1E172-E0ED-4CB9-8ADE-F0979F381391}
	EndGlobalSection
EndGlobal
